Microsoft Visual Studio Solution File, Format Version 12.00
# Visual Studio Version 17
VisualStudioVersion = 17.3.32804.467
MinimumVisualStudioVersion = 10.0.40219.1
Project("{FAE04EC0-301F-11D3-BF4B-00C04F79EFBC}") = "aug-29 assignments", "aug-29 assignments\aug-29 assignments.csproj", "{AC33E85F-4ED6-4345-9B26-99E99EF83E12}"
EndProject
Global
	GlobalSection(SolutionConfigurationPlatforms) = preSolution
		Debug|Any CPU = Debug|Any CPU
		Release|Any CPU = Release|Any CPU
	EndGlobalSection
	GlobalSection(ProjectConfigurationPlatforms) = postSolution
		{AC33E85F-4ED6-4345-9B26-99E99EF83E12}.Debug|Any CPU.ActiveCfg = Debug|Any CPU
		{AC33E85F-4ED6-4345-9B26-99E99EF83E12}.Debug|Any CPU.Build.0 = Debug|Any CPU
		{AC33E85F-4ED6-4345-9B26-99E99EF83E12}.Release|Any CPU.ActiveCfg = Release|Any CPU
		{AC33E85F-4ED6-4345-9B26-99E99EF83E12}.Release|Any CPU.Build.0 = Release|Any CPU
	EndGlobalSection
	GlobalSection(SolutionProperties) = preSolution
		HideSolutionNode = FALSE
	EndGlobalSection
	GlobalSection(ExtensibilityGlobals) = postSolution
		SolutionGuid = {1DFF3B4A-D7AA-42A6-A949-B03AA5F051EA}
	EndGlobalSection
EndGlobal
