
Microsoft Visual Studio Solution File, Format Version 12.00
# Visual Studio Version 17
VisualStudioVersion = 17.3.32804.467
MinimumVisualStudioVersion = 10.0.40219.1
Project("{FAE04EC0-301F-11D3-BF4B-00C04F79EFBC}") = "masterpages", "masterpages\masterpages.csproj", "{D68158B2-D40C-4298-8D4B-4FA3CCA5C992}"
	ProjectSection(ProjectDependencies) = postProject
		{519C9A31-DA4A-4C82-812B-ACFB36A2E662} = {519C9A31-DA4A-4C82-812B-ACFB36A2E662}
		{DE21FA36-7ACF-4801-B65D-181164C2C095} = {DE21FA36-7ACF-4801-B65D-181164C2C095}
	EndProjectSection
EndProject
Project("{FAE04EC0-301F-11D3-BF4B-00C04F79EFBC}") = "business", "business\business.csproj", "{519C9A31-DA4A-4C82-812B-ACFB36A2E662}"
EndProject
Project("{FAE04EC0-301F-11D3-BF4B-00C04F79EFBC}") = "data", "data\data.csproj", "{DE21FA36-7ACF-4801-B65D-181164C2C095}"
	ProjectSection(ProjectDependencies) = postProject
		{519C9A31-DA4A-4C82-812B-ACFB36A2E662} = {519C9A31-DA4A-4C82-812B-ACFB36A2E662}
	EndProjectSection
EndProject
Global
	GlobalSection(SolutionConfigurationPlatforms) = preSolution
		Debug|Any CPU = Debug|Any CPU
		Release|Any CPU = Release|Any CPU
	EndGlobalSection
	GlobalSection(ProjectConfigurationPlatforms) = postSolution
		{D68158B2-D40C-4298-8D4B-4FA3CCA5C992}.Debug|Any CPU.ActiveCfg = Debug|Any CPU
		{D68158B2-D40C-4298-8D4B-4FA3CCA5C992}.Debug|Any CPU.Build.0 = Debug|Any CPU
		{D68158B2-D40C-4298-8D4B-4FA3CCA5C992}.Release|Any CPU.ActiveCfg = Release|Any CPU
		{D68158B2-D40C-4298-8D4B-4FA3CCA5C992}.Release|Any CPU.Build.0 = Release|Any CPU
		{519C9A31-DA4A-4C82-812B-ACFB36A2E662}.Debug|Any CPU.ActiveCfg = Debug|Any CPU
		{519C9A31-DA4A-4C82-812B-ACFB36A2E662}.Debug|Any CPU.Build.0 = Debug|Any CPU
		{519C9A31-DA4A-4C82-812B-ACFB36A2E662}.Release|Any CPU.ActiveCfg = Release|Any CPU
		{519C9A31-DA4A-4C82-812B-ACFB36A2E662}.Release|Any CPU.Build.0 = Release|Any CPU
		{DE21FA36-7ACF-4801-B65D-181164C2C095}.Debug|Any CPU.ActiveCfg = Debug|Any CPU
		{DE21FA36-7ACF-4801-B65D-181164C2C095}.Debug|Any CPU.Build.0 = Debug|Any CPU
		{DE21FA36-7ACF-4801-B65D-181164C2C095}.Release|Any CPU.ActiveCfg = Release|Any CPU
		{DE21FA36-7ACF-4801-B65D-181164C2C095}.Release|Any CPU.Build.0 = Release|Any CPU
	EndGlobalSection
	GlobalSection(SolutionProperties) = preSolution
		HideSolutionNode = FALSE
	EndGlobalSection
	GlobalSection(ExtensibilityGlobals) = postSolution
		SolutionGuid = {4B3EF37C-C174-46E5-B228-E28318BCAE26}
	EndGlobalSection
EndGlobal
