Microsoft Visual Studio Solution File, Format Version 12.00
# Visual Studio Version 17
VisualStudioVersion = 17.3.32804.467
MinimumVisualStudioVersion = 10.0.40219.1
Project("{FAE04EC0-301F-11D3-BF4B-00C04F79EFBC}") = "producs", "producs\producs.csproj", "{CFE79989-40D6-4ED9-96C4-A42DC9E4AE44}"
EndProject
Project("{FAE04EC0-301F-11D3-BF4B-00C04F79EFBC}") = "ClassLibrary1", "ClassLibrary1\ClassLibrary1.csproj", "{AD482D1A-6E67-4711-AE81-45106156ABDC}"
EndProject
Global
	GlobalSection(SolutionConfigurationPlatforms) = preSolution
		Debug|Any CPU = Debug|Any CPU
		Release|Any CPU = Release|Any CPU
	EndGlobalSection
	GlobalSection(ProjectConfigurationPlatforms) = postSolution
		{CFE79989-40D6-4ED9-96C4-A42DC9E4AE44}.Debug|Any CPU.ActiveCfg = Debug|Any CPU
		{CFE79989-40D6-4ED9-96C4-A42DC9E4AE44}.Debug|Any CPU.Build.0 = Debug|Any CPU
		{CFE79989-40D6-4ED9-96C4-A42DC9E4AE44}.Release|Any CPU.ActiveCfg = Release|Any CPU
		{CFE79989-40D6-4ED9-96C4-A42DC9E4AE44}.Release|Any CPU.Build.0 = Release|Any CPU
		{AD482D1A-6E67-4711-AE81-45106156ABDC}.Debug|Any CPU.ActiveCfg = Debug|Any CPU
		{AD482D1A-6E67-4711-AE81-45106156ABDC}.Debug|Any CPU.Build.0 = Debug|Any CPU
		{AD482D1A-6E67-4711-AE81-45106156ABDC}.Release|Any CPU.ActiveCfg = Release|Any CPU
		{AD482D1A-6E67-4711-AE81-45106156ABDC}.Release|Any CPU.Build.0 = Release|Any CPU
	EndGlobalSection
	GlobalSection(SolutionProperties) = preSolution
		HideSolutionNode = FALSE
	EndGlobalSection
	GlobalSection(ExtensibilityGlobals) = postSolution
		SolutionGuid = {BEB736B4-F261-4F11-8185-79F1C6A67162}
	EndGlobalSection
EndGlobal
